
Microsoft Visual Studio Solution File, Format Version 12.00
# Visual Studio Version 17
VisualStudioVersion = 17.7.34003.232
MinimumVisualStudioVersion = 10.0.40219.1
Project("{9A19103F-16F7-4668-BE54-9A1E7A4F7556}") = "EcommerceGame.PL", "EcommerceGame\EcommerceGame.PL.csproj", "{D052AF6C-8342-4100-916F-C64D241BB1C2}"
EndProject
Project("{9A19103F-16F7-4668-BE54-9A1E7A4F7556}") = "EcommerceGame.DAL", "DAL\EcommerceGame.DAL.csproj", "{01596340-0922-42F9-AD15-EB48D7C556F2}"
EndProject
Project("{9A19103F-16F7-4668-BE54-9A1E7A4F7556}") = "EcommerceGame.BLL", "EcommerceGame.BLL\EcommerceGame.BLL.csproj", "{52618095-A876-44E8-97DF-E80C7CD44DBE}"
EndProject
Global
	GlobalSection(SolutionConfigurationPlatforms) = preSolution
		Debug|Any CPU = Debug|Any CPU
		Release|Any CPU = Release|Any CPU
	EndGlobalSection
	GlobalSection(ProjectConfigurationPlatforms) = postSolution
		{D052AF6C-8342-4100-916F-C64D241BB1C2}.Debug|Any CPU.ActiveCfg = Debug|Any CPU
		{D052AF6C-8342-4100-916F-C64D241BB1C2}.Debug|Any CPU.Build.0 = Debug|Any CPU
		{D052AF6C-8342-4100-916F-C64D241BB1C2}.Release|Any CPU.ActiveCfg = Release|Any CPU
		{D052AF6C-8342-4100-916F-C64D241BB1C2}.Release|Any CPU.Build.0 = Release|Any CPU
		{01596340-0922-42F9-AD15-EB48D7C556F2}.Debug|Any CPU.ActiveCfg = Debug|Any CPU
		{01596340-0922-42F9-AD15-EB48D7C556F2}.Debug|Any CPU.Build.0 = Debug|Any CPU
		{01596340-0922-42F9-AD15-EB48D7C556F2}.Release|Any CPU.ActiveCfg = Release|Any CPU
		{01596340-0922-42F9-AD15-EB48D7C556F2}.Release|Any CPU.Build.0 = Release|Any CPU
		{52618095-A876-44E8-97DF-E80C7CD44DBE}.Debug|Any CPU.ActiveCfg = Debug|Any CPU
		{52618095-A876-44E8-97DF-E80C7CD44DBE}.Debug|Any CPU.Build.0 = Debug|Any CPU
		{52618095-A876-44E8-97DF-E80C7CD44DBE}.Release|Any CPU.ActiveCfg = Release|Any CPU
		{52618095-A876-44E8-97DF-E80C7CD44DBE}.Release|Any CPU.Build.0 = Release|Any CPU
	EndGlobalSection
	GlobalSection(SolutionProperties) = preSolution
		HideSolutionNode = FALSE
	EndGlobalSection
	GlobalSection(ExtensibilityGlobals) = postSolution
		SolutionGuid = {C014B791-C6CA-421F-B4FB-DC428BD504E9}
	EndGlobalSection
EndGlobal
